
Microsoft Visual Studio Solution File, Format Version 12.00
# Visual Studio Version 17
VisualStudioVersion = 17.7.34009.444
MinimumVisualStudioVersion = 10.0.40219.1
Project("{9A19103F-16F7-4668-BE54-9A1E7A4F7556}") = "server", "connectMySQL\server.csproj", "{B3E057BF-3377-42F9-9B8F-B12437218888}"
EndProject
Global
	GlobalSection(SolutionConfigurationPlatforms) = preSolution
		Debug|Any CPU = Debug|Any CPU
		Release|Any CPU = Release|Any CPU
	EndGlobalSection
	GlobalSection(ProjectConfigurationPlatforms) = postSolution
		{B3E057BF-3377-42F9-9B8F-B12437218888}.Debug|Any CPU.ActiveCfg = Debug|Any CPU
		{B3E057BF-3377-42F9-9B8F-B12437218888}.Debug|Any CPU.Build.0 = Debug|Any CPU
		{B3E057BF-3377-42F9-9B8F-B12437218888}.Release|Any CPU.ActiveCfg = Release|Any CPU
		{B3E057BF-3377-42F9-9B8F-B12437218888}.Release|Any CPU.Build.0 = Release|Any CPU
	EndGlobalSection
	GlobalSection(SolutionProperties) = preSolution
		HideSolutionNode = FALSE
	EndGlobalSection
	GlobalSection(ExtensibilityGlobals) = postSolution
		SolutionGuid = {23B74910-DF72-4D93-B984-7CC208D50030}
	EndGlobalSection
EndGlobal
